
Microsoft Visual Studio Solution File, Format Version 12.00
# Visual Studio Version 17
VisualStudioVersion = 17.14.36121.58 d17.14
MinimumVisualStudioVersion = 10.0.40219.1
Project("{FAE04EC0-301F-11D3-BF4B-00C04F79EFBC}") = "CalendarAPI", "CalendarAPI\CalendarAPI.csproj", "{C3E9A7A7-5E27-4C3D-AA21-8D897B31E259}"
EndProject
Project("{2150E333-8FDC-42A3-9474-1A3956D46DE8}") = "Domain", "Domain", "{02EA681E-C7D8-13C7-8484-4AC65E1B71E8}"
EndProject
Project("{2150E333-8FDC-42A3-9474-1A3956D46DE8}") = "Infrastructure", "Infrastructure", "{DD4A460C-CAFC-4A88-88DE-106E746110BD}"
EndProject
Project("{2150E333-8FDC-42A3-9474-1A3956D46DE8}") = "Application", "Application", "{BE4E6F11-D4B4-47B3-8588-F73759817D6A}"
EndProject
Project("{2150E333-8FDC-42A3-9474-1A3956D46DE8}") = "Bootstrapper", "Bootstrapper", "{C6955993-6988-4775-BB5F-1B5ED42FFB22}"
EndProject
Project("{FAE04EC0-301F-11D3-BF4B-00C04F79EFBC}") = "CalendarAPI.Application", "Application\CalendarAPI.Application\CalendarAPI.Application.csproj", "{7B8DCAD0-D7AC-4C1F-8F39-CDA20EC89E29}"
EndProject
Project("{FAE04EC0-301F-11D3-BF4B-00C04F79EFBC}") = "CalendarAPI.Domain", "Domain\CalendarAPP.Domain\CalendarAPI.Domain.csproj", "{0C772FE6-932D-4978-BEE5-EC33A8C72677}"
EndProject
Project("{FAE04EC0-301F-11D3-BF4B-00C04F79EFBC}") = "CalendarAPI.Infrastructure", "CalendarAPI.Infrastructure\CalendarAPI.Infrastructure.csproj", "{7D46D2D8-9DD4-4AF1-840C-5D9DDD8077E7}"
EndProject
Project("{FAE04EC0-301F-11D3-BF4B-00C04F79EFBC}") = "CalendarAPI.Boostrapper", "CalendarAPI.Boostrapper\CalendarAPI.Boostrapper.csproj", "{73EC85C0-79B5-41D0-8447-8D96EF179589}"
EndProject
Global
	GlobalSection(SolutionConfigurationPlatforms) = preSolution
		Debug|Any CPU = Debug|Any CPU
		Release|Any CPU = Release|Any CPU
	EndGlobalSection
	GlobalSection(ProjectConfigurationPlatforms) = postSolution
		{C3E9A7A7-5E27-4C3D-AA21-8D897B31E259}.Debug|Any CPU.ActiveCfg = Debug|Any CPU
		{C3E9A7A7-5E27-4C3D-AA21-8D897B31E259}.Debug|Any CPU.Build.0 = Debug|Any CPU
		{C3E9A7A7-5E27-4C3D-AA21-8D897B31E259}.Release|Any CPU.ActiveCfg = Release|Any CPU
		{C3E9A7A7-5E27-4C3D-AA21-8D897B31E259}.Release|Any CPU.Build.0 = Release|Any CPU
		{7B8DCAD0-D7AC-4C1F-8F39-CDA20EC89E29}.Debug|Any CPU.ActiveCfg = Debug|Any CPU
		{7B8DCAD0-D7AC-4C1F-8F39-CDA20EC89E29}.Debug|Any CPU.Build.0 = Debug|Any CPU
		{7B8DCAD0-D7AC-4C1F-8F39-CDA20EC89E29}.Release|Any CPU.ActiveCfg = Release|Any CPU
		{7B8DCAD0-D7AC-4C1F-8F39-CDA20EC89E29}.Release|Any CPU.Build.0 = Release|Any CPU
		{0C772FE6-932D-4978-BEE5-EC33A8C72677}.Debug|Any CPU.ActiveCfg = Debug|Any CPU
		{0C772FE6-932D-4978-BEE5-EC33A8C72677}.Debug|Any CPU.Build.0 = Debug|Any CPU
		{0C772FE6-932D-4978-BEE5-EC33A8C72677}.Release|Any CPU.ActiveCfg = Release|Any CPU
		{0C772FE6-932D-4978-BEE5-EC33A8C72677}.Release|Any CPU.Build.0 = Release|Any CPU
		{7D46D2D8-9DD4-4AF1-840C-5D9DDD8077E7}.Debug|Any CPU.ActiveCfg = Debug|Any CPU
		{7D46D2D8-9DD4-4AF1-840C-5D9DDD8077E7}.Debug|Any CPU.Build.0 = Debug|Any CPU
		{7D46D2D8-9DD4-4AF1-840C-5D9DDD8077E7}.Release|Any CPU.ActiveCfg = Release|Any CPU
		{7D46D2D8-9DD4-4AF1-840C-5D9DDD8077E7}.Release|Any CPU.Build.0 = Release|Any CPU
		{73EC85C0-79B5-41D0-8447-8D96EF179589}.Debug|Any CPU.ActiveCfg = Debug|Any CPU
		{73EC85C0-79B5-41D0-8447-8D96EF179589}.Debug|Any CPU.Build.0 = Debug|Any CPU
		{73EC85C0-79B5-41D0-8447-8D96EF179589}.Release|Any CPU.ActiveCfg = Release|Any CPU
		{73EC85C0-79B5-41D0-8447-8D96EF179589}.Release|Any CPU.Build.0 = Release|Any CPU
	EndGlobalSection
	GlobalSection(SolutionProperties) = preSolution
		HideSolutionNode = FALSE
	EndGlobalSection
	GlobalSection(NestedProjects) = preSolution
		{7B8DCAD0-D7AC-4C1F-8F39-CDA20EC89E29} = {BE4E6F11-D4B4-47B3-8588-F73759817D6A}
		{0C772FE6-932D-4978-BEE5-EC33A8C72677} = {02EA681E-C7D8-13C7-8484-4AC65E1B71E8}
		{7D46D2D8-9DD4-4AF1-840C-5D9DDD8077E7} = {DD4A460C-CAFC-4A88-88DE-106E746110BD}
		{73EC85C0-79B5-41D0-8447-8D96EF179589} = {C6955993-6988-4775-BB5F-1B5ED42FFB22}
	EndGlobalSection
	GlobalSection(ExtensibilityGlobals) = postSolution
		SolutionGuid = {1676744D-2FEC-4C99-83D4-05741FF5812E}
	EndGlobalSection
EndGlobal
